{
  "requires": true,
  "lockfileVersion": 1,
  "dependencies": {
    "axios": {
      "version": "0.26.1",
      "resolved": "https://eu.artifactory.swg-devops.com/artifactory/api/npm/sec-ops-trusteer-npm-virtual/axios/-/axios-0.26.1.tgz?dl=https%3A%2F%2Fregistry.npmjs.org%2Faxios%2F-%2Faxios-0.26.1.tgz",
      "integrity": "sha512-fPwcX4EvnSHuInCMItEhAGnaSEXRBjtzh9fOtsE6E1G6p7vl7edEeZe11QHf18+6+9gR5PbKV/sGKNaD8YaMeA==",
      "requires": {
        "follow-redirects": "^1.14.8"
      }
    },
    "follow-redirects": {
      "version": "1.14.9",
      "resolved": "https://eu.artifactory.swg-devops.com/artifactory/api/npm/sec-ops-trusteer-npm-virtual/follow-redirects/-/follow-redirects-1.14.9.tgz?dl=https%3A%2F%2Fregistry.npmjs.org%2Ffollow-redirects%2F-%2Ffollow-redirects-1.14.9.tgz",
      "integrity": "sha512-MQDfihBQYMcyy5dhRDJUHcw7lb2Pv/TuE6xP1vyraLukNDHKbDxDNaOE3NbCAdKQApno+GPRyo1YAp89yCjK4w=="
    }
  }
}
